{
    "_readme": [
        "This file locks the dependencies of your project to a known state",
        "Read more about it at https://getcomposer.org/doc/01-basic-usage.md#composer-lock-the-lock-file",
        "This file is @generated automatically"
    ],
    "hash": "41ebbf87487a9861d6e61daf98204689",
    "content-hash": "3a1e1d7dca1de77467ef4d193e29bc5a",
    "packages": [
        {
            "name": "ck/file_marc_reference",
            "version": "dev-master",
            "source": {
                "type": "git",
                "url": "https://github.com/MARCspec/File_MARC_Reference.git",
                "reference": "d2241abec7af43511384dcc5c7a522b11e2fccc4"
            },
            "dist": {
                "type": "zip",
                "url": "https://api.github.com/repos/MARCspec/File_MARC_Reference/zipball/d2241abec7af43511384dcc5c7a522b11e2fccc4",
                "reference": "d2241abec7af43511384dcc5c7a522b11e2fccc4",
                "shasum": ""
            },
            "require": {
                "ck/php-marcspec": "^1.0",
                "pear/file_marc": "^1.1",
                "php": ">=5.4.0"
            },
            "require-dev": {
                "pear/file_marc": "^1.1",
                "phpunit/phpunit": "^4.8",
                "satooshi/php-coveralls": "^1.0"
            },
            "type": "library",
            "autoload": {
                "classmap": [
                    "src/"
                ]
            },
            "notification-url": "https://packagist.org/downloads/",
            "license": [
                "MIT"
            ],
            "authors": [
                {
                    "name": "Carsten Klee",
                    "homepage": "http://collidoscope.de",
                    "role": "Developer"
                }
            ],
            "description": "MARCspec adapter for File_MARC",
            "keywords": [
                "MARC 21",
                "MARCspec"
            ],
            "time": "2016-06-07 04:35:54"
        },
        {
            "name": "ck/php-marcspec",
            "version": "v1.7.2",
            "target-dir": "CK/MARCspec",
            "source": {
                "type": "git",
                "url": "https://github.com/MARCspec/php-marc-spec.git",
                "reference": "23d47fdadf376288452158d5dd3543227f2162b8"
            },
            "dist": {
                "type": "zip",
                "url": "https://api.github.com/repos/MARCspec/php-marc-spec/zipball/23d47fdadf376288452158d5dd3543227f2162b8",
                "reference": "23d47fdadf376288452158d5dd3543227f2162b8",
                "shasum": ""
            },
            "require": {
                "php": ">=5.4.0"
            },
            "require-dev": {
                "ck/marcspec-test-suite": "@dev",
                "phpunit/phpunit": "^4.8"
            },
            "type": "library",
            "autoload": {
                "psr-0": {
                    "CK\\MARCspec": ""
                }
            },
            "notification-url": "https://packagist.org/downloads/",
            "license": [
                "MIT"
            ],
            "authors": [
                {
                    "name": "Carsten Klee",
                    "homepage": "http://collidoscope.de",
                    "role": "Developer"
                }
            ],
            "description": "PHP based MARCspec parser and validator",
            "keywords": [
                "MARC 21",
                "MARCspec"
            ],
            "time": "2016-07-13 08:28:55"
        },
        {
            "name": "composer/installers",
            "version": "v1.1.0",
            "source": {
                "type": "git",
                "url": "https://github.com/composer/installers.git",
                "reference": "a3595c5272a6f247228abb20076ed27321e4aae9"
            },
            "dist": {
                "type": "zip",
                "url": "https://api.github.com/repos/composer/installers/zipball/a3595c5272a6f247228abb20076ed27321e4aae9",
                "reference": "a3595c5272a6f247228abb20076ed27321e4aae9",
                "shasum": ""
            },
            "require": {
                "composer-plugin-api": "^1.0"
            },
            "replace": {
                "roundcube/plugin-installer": "*",
                "shama/baton": "*"
            },
            "require-dev": {
                "composer/composer": "1.0.*@dev",
                "phpunit/phpunit": "4.1.*"
            },
            "type": "composer-plugin",
            "extra": {
                "class": "Composer\\Installers\\Plugin",
                "branch-alias": {
                    "dev-master": "1.0-dev"
                }
            },
            "autoload": {
                "psr-4": {
                    "Composer\\Installers\\": "src/Composer/Installers"
                }
            },
            "notification-url": "https://packagist.org/downloads/",
            "license": [
                "MIT"
            ],
            "authors": [
                {
                    "name": "Kyle Robinson Young",
                    "email": "kyle@dontkry.com",
                    "homepage": "https://github.com/shama"
                }
            ],
            "description": "A multi-framework Composer library installer",
            "homepage": "https://composer.github.io/installers/",
            "keywords": [
                "Craft",
                "Dolibarr",
                "Hurad",
                "ImageCMS",
                "MODX Evo",
                "Mautic",
                "OXID",
                "RadPHP",
                "SMF",
                "Thelia",
                "WolfCMS",
                "agl",
                "aimeos",
                "annotatecms",
                "bitrix",
                "cakephp",
                "chef",
                "codeigniter",
                "concrete5",
                "croogo",
                "dokuwiki",
                "drupal",
                "elgg",
                "expressionengine",
                "fuelphp",
                "grav",
                "installer",
                "joomla",
                "kohana",
                "laravel",
                "lithium",
                "magento",
                "mako",
                "mediawiki",
                "modulework",
                "moodle",
                "phpbb",
                "piwik",
                "ppi",
                "puppet",
                "roundcube",
                "shopware",
                "silverstripe",
                "symfony",
                "typo3",
                "wordpress",
                "zend",
                "zikula"
            ],
            "time": "2016-07-05 06:18:20"
        },
        {
            "name": "gridonic/princexml-php",
            "version": "dev-master",
            "source": {
                "type": "git",
                "url": "https://github.com/pressbooks/PrinceXMLPhp.git",
                "reference": "6756ca64ab2f9b7b56c7921e2265f1090e14b442"
            },
            "dist": {
                "type": "zip",
                "url": "https://api.github.com/repos/pressbooks/PrinceXMLPhp/zipball/6756ca64ab2f9b7b56c7921e2265f1090e14b442",
                "reference": "6756ca64ab2f9b7b56c7921e2265f1090e14b442",
                "shasum": ""
            },
            "require": {
                "php": ">=5.3.0"
            },
            "type": "library",
            "autoload": {
                "psr-0": {
                    "PrinceXMLPhp": "src"
                }
            },
            "license": [
                "MIT"
            ],
            "authors": [
                {
                    "name": "Gridonic",
                    "homepage": "http://gridonic.ch"
                },
                {
                    "name": "Contributors",
                    "homepage": "https://github.com/gridonic/PrinceXMLPhp/contributors"
                }
            ],
            "description": "PrinceXML PHP5 wrapper converted to follow the PSR-0 standard.",
            "keywords": [
                "princexml",
                "xml"
            ],
            "support": {
                "source": "https://github.com/pressbooks/PrinceXMLPhp/tree/master"
            },
            "time": "2016-04-04 22:32:28"
        },
        {
            "name": "leafo/scssphp",
            "version": "v0.6.5",
            "source": {
                "type": "git",
                "url": "https://github.com/leafo/scssphp.git",
                "reference": "0649d38dfef6808be1a89040a3312e8bda0b3aed"
            },
            "dist": {
                "type": "zip",
                "url": "https://api.github.com/repos/leafo/scssphp/zipball/0649d38dfef6808be1a89040a3312e8bda0b3aed",
                "reference": "0649d38dfef6808be1a89040a3312e8bda0b3aed",
                "shasum": ""
            },
            "require": {
                "php": ">=5.4.0"
            },
            "require-dev": {
                "kherge/box": "~2.5",
                "phpunit/phpunit": "~3.7",
                "squizlabs/php_codesniffer": "~2.5"
            },
            "bin": [
                "bin/pscss"
            ],
            "type": "library",
            "autoload": {
                "psr-4": {
                    "Leafo\\ScssPhp\\": "src/"
                }
            },
            "notification-url": "https://packagist.org/downloads/",
            "license": [
                "MIT"
            ],
            "authors": [
                {
                    "name": "Leaf Corcoran",
                    "email": "leafot@gmail.com",
                    "homepage": "http://leafo.net"
                }
            ],
            "description": "scssphp is a compiler for SCSS written in PHP.",
            "homepage": "http://leafo.github.io/scssphp/",
            "keywords": [
                "css",
                "less",
                "sass",
                "scss",
                "stylesheet"
            ],
            "time": "2016-06-20 15:25:08"
        },
        {
            "name": "pear/file_marc",
            "version": "1.1.2",
            "source": {
                "type": "git",
                "url": "https://github.com/pear/File_MARC.git",
                "reference": "2797b06da94391798d3878a7c939577924ca6848"
            },
            "dist": {
                "type": "zip",
                "url": "https://api.github.com/repos/pear/File_MARC/zipball/2797b06da94391798d3878a7c939577924ca6848",
                "reference": "2797b06da94391798d3878a7c939577924ca6848",
                "shasum": ""
            },
            "require": {
                "pear/pear_exception": "1.*"
            },
            "require-dev": {
                "phpunit/phpunit": "*"
            },
            "suggest": {
                "pear/validate_ispn": "Install optionally via your project's composer.json"
            },
            "type": "library",
            "autoload": {
                "psr-0": {
                    "File": "./"
                }
            },
            "notification-url": "https://packagist.org/downloads/",
            "include-path": [
                "./"
            ],
            "license": [
                "LGPL-2.1"
            ],
            "authors": [
                {
                    "name": "Dan Scott",
                    "email": "dbs@php.net",
                    "homepage": "https://coffeecode.net",
                    "role": "Lead"
                }
            ],
            "description": "Supports the MAchine Readable Cataloging (MARC) file format documented at http://loc.gov/marc/",
            "time": "2015-09-01 14:56:47"
        },
        {
            "name": "pear/pear_exception",
            "version": "dev-master",
            "source": {
                "type": "git",
                "url": "https://github.com/pear/PEAR_Exception.git",
                "reference": "8c18719fdae000b690e3912be401c76e406dd13b"
            },
            "dist": {
                "type": "zip",
                "url": "https://api.github.com/repos/pear/PEAR_Exception/zipball/8c18719fdae000b690e3912be401c76e406dd13b",
                "reference": "8c18719fdae000b690e3912be401c76e406dd13b",
                "shasum": ""
            },
            "require": {
                "php": ">=4.4.0"
            },
            "require-dev": {
                "phpunit/phpunit": "*"
            },
            "type": "class",
            "extra": {
                "branch-alias": {
                    "dev-master": "1.0.x-dev"
                }
            },
            "autoload": {
                "psr-0": {
                    "PEAR": ""
                }
            },
            "notification-url": "https://packagist.org/downloads/",
            "include-path": [
                "."
            ],
            "license": [
                "BSD-2-Clause"
            ],
            "authors": [
                {
                    "name": "Helgi Thormar",
                    "email": "dufuz@php.net"
                },
                {
                    "name": "Greg Beaver",
                    "email": "cellog@php.net"
                }
            ],
            "description": "The PEAR Exception base class.",
            "homepage": "https://github.com/pear/PEAR_Exception",
            "keywords": [
                "exception"
            ],
            "time": "2015-02-10 20:07:52"
        },
        {
            "name": "pimple/pimple",
            "version": "dev-master",
            "source": {
                "type": "git",
                "url": "https://github.com/silexphp/Pimple.git",
                "reference": "64e0f8320639b434baa073a40dd1e037e3286555"
            },
            "dist": {
                "type": "zip",
                "url": "https://api.github.com/repos/silexphp/Pimple/zipball/64e0f8320639b434baa073a40dd1e037e3286555",
                "reference": "64e0f8320639b434baa073a40dd1e037e3286555",
                "shasum": ""
            },
            "require": {
                "php": ">=5.3.0"
            },
            "type": "library",
            "extra": {
                "branch-alias": {
                    "dev-master": "3.0.x-dev"
                }
            },
            "autoload": {
                "psr-0": {
                    "Pimple": "src/"
                }
            },
            "notification-url": "https://packagist.org/downloads/",
            "license": [
                "MIT"
            ],
            "authors": [
                {
                    "name": "Fabien Potencier",
                    "email": "fabien@symfony.com"
                }
            ],
            "description": "Pimple, a simple Dependency Injection Container",
            "homepage": "http://pimple.sensiolabs.org",
            "keywords": [
                "container",
                "dependency injection"
            ],
            "time": "2015-09-11 15:11:22"
        },
        {
            "name": "pressbooks/custom-metadata",
            "version": "0.8.1-dev",
            "source": {
                "type": "git",
                "url": "https://github.com/pressbooks/custom-metadata/",
                "reference": "tags/v0.8.1-dev"
            },
            "dist": {
                "type": "zip",
                "url": "https://github.com/pressbooks/custom-metadata/archive/v0.8.1-dev.zip",
                "reference": "tags/v0.8.1-dev",
                "shasum": null
            },
            "type": "library",
            "time": "2016-04-28 02:50:35"
        },
        {
            "name": "pressbooks/disable-comments",
            "version": "v1.0.1",
            "source": {
                "type": "git",
                "url": "https://github.com/pressbooks/disable-comments/",
                "reference": "tags/v1.0.1"
            },
            "dist": {
                "type": "zip",
                "url": "https://github.com/pressbooks/disable-comments/archive/v1.0.1.zip",
                "reference": "tags/v1.0.1",
                "shasum": null
            },
            "type": "library"
        },
        {
            "name": "pressbooks/mce-table-buttons",
            "version": "3.2.0",
            "source": {
                "type": "git",
                "url": "https://github.com/pressbooks/mce-table-buttons/",
                "reference": "tags/v3.2.0"
            },
            "dist": {
                "type": "zip",
                "url": "https://github.com/pressbooks/mce-table-buttons/archive/v3.2.0.zip",
                "reference": "tags/v3.2.0",
                "shasum": null
            },
            "type": "library"
        },
        {
            "name": "pressbooks/pressbooks-latex",
            "version": "1.0.0",
            "source": {
                "type": "git",
                "url": "https://github.com/pressbooks/pressbooks-latex/",
                "reference": "tags/v1.0.0"
            },
            "dist": {
                "type": "zip",
                "url": "https://github.com/pressbooks/pressbooks-latex/archive/v1.0.0.zip",
                "reference": "tags/v1.0.0",
                "shasum": null
            },
            "type": "library"
        },
        {
            "name": "pressbooks/rest-api",
            "version": "2.0-beta13.1",
            "source": {
                "type": "git",
                "url": "https://github.com/WP-API/WP-API",
                "reference": "tags/2.0-beta13.1"
            },
            "dist": {
                "type": "zip",
                "url": "https://github.com/WP-API/WP-API/archive/2.0-beta13.1.zip",
                "reference": "tags/2.0-beta13.1",
                "shasum": null
            },
            "type": "library"
        },
        {
            "name": "pressbooks/saxon-he",
            "version": "dev-master",
            "source": {
                "type": "git",
                "url": "https://github.com/pressbooks/saxon-he.git",
                "reference": "4c2588b1fa74fc2d64c019d6cf9cabcbdc610845"
            },
            "dist": {
                "type": "zip",
                "url": "https://api.github.com/repos/pressbooks/saxon-he/zipball/4c2588b1fa74fc2d64c019d6cf9cabcbdc610845",
                "reference": "4c2588b1fa74fc2d64c019d6cf9cabcbdc610845",
                "shasum": ""
            },
            "type": "library",
            "license": [
                "MPL-2.0"
            ],
            "authors": [
                {
                    "name": "Saxonica",
                    "email": "mike@saxonica.com"
                }
            ],
            "description": "Provides implementations of XSLT 2.0, XQuery 3.1, and XPath 3.1 at the basic level of conformance defined by W3C.",
            "support": {
                "source": "https://github.com/pressbooks/saxon-he/tree/master",
                "issues": "https://github.com/pressbooks/saxon-he/issues"
            },
            "time": "2016-04-25 16:54:30"
        },
        {
            "name": "scriptotek/marc",
            "version": "v0.1.0",
            "source": {
                "type": "git",
                "url": "https://github.com/scriptotek/php-marc.git",
                "reference": "b2bc2e30938485fa03dba8a479ebdd9362f20dcf"
            },
            "dist": {
                "type": "zip",
                "url": "https://api.github.com/repos/scriptotek/php-marc/zipball/b2bc2e30938485fa03dba8a479ebdd9362f20dcf",
                "reference": "b2bc2e30938485fa03dba8a479ebdd9362f20dcf",
                "shasum": ""
            },
            "require": {
                "ck/file_marc_reference": "dev-master",
                "pear/file_marc": "*",
                "php": ">=5.3"
            },
            "require-dev": {
                "phpunit/phpunit": "3.7.*",
                "satooshi/php-coveralls": "~0.6"
            },
            "type": "library",
            "autoload": {
                "psr-4": {
                    "Scriptotek\\Marc\\": "src/"
                }
            },
            "notification-url": "https://packagist.org/downloads/",
            "license": [
                "GNU-LGPL"
            ],
            "authors": [
                {
                    "name": "Dan Michael O. Heggø",
                    "email": "d.m.heggo@ub.uio.no"
                }
            ],
            "description": "Simple interface to parsing MARC records using File_MARC",
            "keywords": [
                "marc"
            ],
            "time": "2015-08-25 21:41:41"
        },
        {
            "name": "vanilla/htmlawed",
            "version": "dev-master",
            "source": {
                "type": "git",
                "url": "https://github.com/pressbooks/htmlawed.git",
                "reference": "d85098979b7633b00460fec75e527842fa3a258e"
            },
            "dist": {
                "type": "zip",
                "url": "https://api.github.com/repos/pressbooks/htmlawed/zipball/d85098979b7633b00460fec75e527842fa3a258e",
                "reference": "d85098979b7633b00460fec75e527842fa3a258e",
                "shasum": ""
            },
            "require": {
                "php": ">=5.4.0"
            },
            "require-dev": {
                "tburry/pquery": "~1.0.1"
            },
            "type": "library",
            "autoload": {
                "classmap": [
                    "src/Htmlawed.php"
                ]
            },
            "autoload-dev": {
                "psr-4": {
                    "Htmlawed\\Test\\": "tests"
                }
            },
            "license": [
                "LGPL-3.0"
            ],
            "authors": [
                {
                    "name": "Todd Burry",
                    "email": "todd@vanillaforums.com"
                }
            ],
            "description": "A composer wrapper for the htmLawed library to purify & filter HTML. Tested with PHPUnit and PhantomJS!",
            "support": {
                "source": "https://github.com/pressbooks/htmlawed/tree/master"
            },
            "time": "2016-04-04 21:36:17"
        }
    ],
    "packages-dev": [],
    "aliases": [],
    "minimum-stability": "dev",
    "stability-flags": {
        "vanilla/htmlawed": 20,
        "gridonic/princexml-php": 20,
        "pressbooks/saxon-he": 20,
        "pressbooks/custom-metadata": 20
    },
    "prefer-stable": false,
    "prefer-lowest": false,
    "platform": {
        "php": ">=5.6.0"
    },
    "platform-dev": []
}
